
Microsoft Visual Studio Solution File, Format Version 12.00
# Visual Studio Version 16
VisualStudioVersion = 16.0.29519.87
MinimumVisualStudioVersion = 10.0.40219.1
Project("{8BC9CEB8-8B4A-11D0-8D11-00A0C91BC942}") = "classmatrix", "classmatrix.vcxproj", "{E15D0230-DD1C-4C32-8CE4-65E0271E0156}"
EndProject
Global
	GlobalSection(SolutionConfigurationPlatforms) = preSolution
		Debug|x64 = Debug|x64
		Debug|x86 = Debug|x86
		Release|x64 = Release|x64
		Release|x86 = Release|x86
	EndGlobalSection
	GlobalSection(ProjectConfigurationPlatforms) = postSolution
		{E15D0230-DD1C-4C32-8CE4-65E0271E0156}.Debug|x64.ActiveCfg = Debug|x64
		{E15D0230-DD1C-4C32-8CE4-65E0271E0156}.Debug|x64.Build.0 = Debug|x64
		{E15D0230-DD1C-4C32-8CE4-65E0271E0156}.Debug|x86.ActiveCfg = Debug|Win32
		{E15D0230-DD1C-4C32-8CE4-65E0271E0156}.Debug|x86.Build.0 = Debug|Win32
		{E15D0230-DD1C-4C32-8CE4-65E0271E0156}.Release|x64.ActiveCfg = Release|x64
		{E15D0230-DD1C-4C32-8CE4-65E0271E0156}.Release|x64.Build.0 = Release|x64
		{E15D0230-DD1C-4C32-8CE4-65E0271E0156}.Release|x86.ActiveCfg = Release|Win32
		{E15D0230-DD1C-4C32-8CE4-65E0271E0156}.Release|x86.Build.0 = Release|Win32
	EndGlobalSection
	GlobalSection(SolutionProperties) = preSolution
		HideSolutionNode = FALSE
	EndGlobalSection
	GlobalSection(ExtensibilityGlobals) = postSolution
		SolutionGuid = {8127657D-B550-4B94-A922-02F6463FDB7A}
	EndGlobalSection
EndGlobal
